
Microsoft Visual Studio Solution File, Format Version 12.00
# Visual Studio Version 16
VisualStudioVersion = 16.0.30503.244
MinimumVisualStudioVersion = 10.0.40219.1
Project("{FAE04EC0-301F-11D3-BF4B-00C04F79EFBC}") = "EmailValidation", "EmailValidation.csproj", "{C16A34B6-885A-4D09-9A31-B6B61401E9CB}"
EndProject
Global
	GlobalSection(SolutionConfigurationPlatforms) = preSolution
		Debug|Any CPU = Debug|Any CPU
		Release|Any CPU = Release|Any CPU
	EndGlobalSection
	GlobalSection(ProjectConfigurationPlatforms) = postSolution
		{C16A34B6-885A-4D09-9A31-B6B61401E9CB}.Debug|Any CPU.ActiveCfg = Debug|Any CPU
		{C16A34B6-885A-4D09-9A31-B6B61401E9CB}.Debug|Any CPU.Build.0 = Debug|Any CPU
		{C16A34B6-885A-4D09-9A31-B6B61401E9CB}.Release|Any CPU.ActiveCfg = Release|Any CPU
		{C16A34B6-885A-4D09-9A31-B6B61401E9CB}.Release|Any CPU.Build.0 = Release|Any CPU
	EndGlobalSection
	GlobalSection(SolutionProperties) = preSolution
		HideSolutionNode = FALSE
	EndGlobalSection
	GlobalSection(ExtensibilityGlobals) = postSolution
		SolutionGuid = {86385C13-3D1F-410C-ABC1-F5E6230F47C1}
	EndGlobalSection
EndGlobal
